
Microsoft Visual Studio Solution File, Format Version 12.00
# Visual Studio Version 18
VisualStudioVersion = 18.0.11104.47 d18.0
MinimumVisualStudioVersion = 10.0.40219.1
Project("{FAE04EC0-301F-11D3-BF4B-00C04F79EFBC}") = "TripleG3.SSH.WinUI", "src\TripleG3.SSH.WinUI\TripleG3.SSH.WinUI.csproj", "{32433B66-F180-B93C-22C9-9CD14457CA1B}"
EndProject
Project("{FAE04EC0-301F-11D3-BF4B-00C04F79EFBC}") = "TripleG3.SSH.WinUI.Views", "src\TripleG3.SSH.WinUI.Views\TripleG3.SSH.WinUI.Views.csproj", "{7E848C26-4115-7FAC-A8C4-03EF269B8F15}"
EndProject
Project("{FAE04EC0-301F-11D3-BF4B-00C04F79EFBC}") = "TripleG3.SSH.WinUI.ViewModels", "src\TripleG3.SSH.WinUI.ViewModels\TripleG3.SSH.WinUI.ViewModels.csproj", "{7284E986-54E8-8D4B-56B2-AE03EA1899F6}"
EndProject
Project("{FAE04EC0-301F-11D3-BF4B-00C04F79EFBC}") = "TripleG3.SSH.WinUI.Models", "src\TripleG3.SSH.WinUI.Models\TripleG3.SSH.WinUI.Models.csproj", "{FE0DC6EE-85B8-2758-280F-4EDE2F8DB43E}"
EndProject
Project("{FAE04EC0-301F-11D3-BF4B-00C04F79EFBC}") = "TripleG3.SSH.WinUI.Models.Tests", "tests\TripleG3.SSH.Models.Tests\TripleG3.SSH.WinUI.Models.Tests.csproj", "{D0140F9C-4FBC-1E5E-1E41-81EA24D77634}"
EndProject
Project("{FAE04EC0-301F-11D3-BF4B-00C04F79EFBC}") = "TripleG3.SSH.WinUI.ViewModels.Tests", "tests\TripleG3.SSH.WinUI.ViewModels.Tests\TripleG3.SSH.WinUI.ViewModels.Tests.csproj", "{8E760A54-96BB-3E99-1CBA-5831E7AADF90}"
EndProject
Global
	GlobalSection(SolutionConfigurationPlatforms) = preSolution
		Debug|ARM64 = Debug|ARM64
		Debug|x64 = Debug|x64
		Debug|x86 = Debug|x86
		Release|ARM64 = Release|ARM64
		Release|x64 = Release|x64
		Release|x86 = Release|x86
	EndGlobalSection
	GlobalSection(ProjectConfigurationPlatforms) = postSolution
		{32433B66-F180-B93C-22C9-9CD14457CA1B}.Debug|ARM64.ActiveCfg = Debug|ARM64
		{32433B66-F180-B93C-22C9-9CD14457CA1B}.Debug|ARM64.Build.0 = Debug|ARM64
		{32433B66-F180-B93C-22C9-9CD14457CA1B}.Debug|ARM64.Deploy.0 = Debug|ARM64
		{32433B66-F180-B93C-22C9-9CD14457CA1B}.Debug|x64.ActiveCfg = Debug|x64
		{32433B66-F180-B93C-22C9-9CD14457CA1B}.Debug|x64.Build.0 = Debug|x64
		{32433B66-F180-B93C-22C9-9CD14457CA1B}.Debug|x64.Deploy.0 = Debug|x64
		{32433B66-F180-B93C-22C9-9CD14457CA1B}.Debug|x86.ActiveCfg = Debug|x86
		{32433B66-F180-B93C-22C9-9CD14457CA1B}.Debug|x86.Build.0 = Debug|x86
		{32433B66-F180-B93C-22C9-9CD14457CA1B}.Debug|x86.Deploy.0 = Debug|x86
		{32433B66-F180-B93C-22C9-9CD14457CA1B}.Release|ARM64.ActiveCfg = Release|ARM64
		{32433B66-F180-B93C-22C9-9CD14457CA1B}.Release|ARM64.Build.0 = Release|ARM64
		{32433B66-F180-B93C-22C9-9CD14457CA1B}.Release|ARM64.Deploy.0 = Release|ARM64
		{32433B66-F180-B93C-22C9-9CD14457CA1B}.Release|x64.ActiveCfg = Release|x64
		{32433B66-F180-B93C-22C9-9CD14457CA1B}.Release|x64.Build.0 = Release|x64
		{32433B66-F180-B93C-22C9-9CD14457CA1B}.Release|x64.Deploy.0 = Release|x64
		{32433B66-F180-B93C-22C9-9CD14457CA1B}.Release|x86.ActiveCfg = Release|x86
		{32433B66-F180-B93C-22C9-9CD14457CA1B}.Release|x86.Build.0 = Release|x86
		{32433B66-F180-B93C-22C9-9CD14457CA1B}.Release|x86.Deploy.0 = Release|x86
		{7E848C26-4115-7FAC-A8C4-03EF269B8F15}.Debug|ARM64.ActiveCfg = Debug|Any CPU
		{7E848C26-4115-7FAC-A8C4-03EF269B8F15}.Debug|ARM64.Build.0 = Debug|Any CPU
		{7E848C26-4115-7FAC-A8C4-03EF269B8F15}.Debug|x64.ActiveCfg = Debug|Any CPU
		{7E848C26-4115-7FAC-A8C4-03EF269B8F15}.Debug|x64.Build.0 = Debug|Any CPU
		{7E848C26-4115-7FAC-A8C4-03EF269B8F15}.Debug|x86.ActiveCfg = Debug|Any CPU
		{7E848C26-4115-7FAC-A8C4-03EF269B8F15}.Debug|x86.Build.0 = Debug|Any CPU
		{7E848C26-4115-7FAC-A8C4-03EF269B8F15}.Release|ARM64.ActiveCfg = Release|Any CPU
		{7E848C26-4115-7FAC-A8C4-03EF269B8F15}.Release|ARM64.Build.0 = Release|Any CPU
		{7E848C26-4115-7FAC-A8C4-03EF269B8F15}.Release|x64.ActiveCfg = Release|Any CPU
		{7E848C26-4115-7FAC-A8C4-03EF269B8F15}.Release|x64.Build.0 = Release|Any CPU
		{7E848C26-4115-7FAC-A8C4-03EF269B8F15}.Release|x86.ActiveCfg = Release|Any CPU
		{7E848C26-4115-7FAC-A8C4-03EF269B8F15}.Release|x86.Build.0 = Release|Any CPU
		{7284E986-54E8-8D4B-56B2-AE03EA1899F6}.Debug|ARM64.ActiveCfg = Debug|Any CPU
		{7284E986-54E8-8D4B-56B2-AE03EA1899F6}.Debug|ARM64.Build.0 = Debug|Any CPU
		{7284E986-54E8-8D4B-56B2-AE03EA1899F6}.Debug|x64.ActiveCfg = Debug|Any CPU
		{7284E986-54E8-8D4B-56B2-AE03EA1899F6}.Debug|x64.Build.0 = Debug|Any CPU
		{7284E986-54E8-8D4B-56B2-AE03EA1899F6}.Debug|x86.ActiveCfg = Debug|Any CPU
		{7284E986-54E8-8D4B-56B2-AE03EA1899F6}.Debug|x86.Build.0 = Debug|Any CPU
		{7284E986-54E8-8D4B-56B2-AE03EA1899F6}.Release|ARM64.ActiveCfg = Release|Any CPU
		{7284E986-54E8-8D4B-56B2-AE03EA1899F6}.Release|ARM64.Build.0 = Release|Any CPU
		{7284E986-54E8-8D4B-56B2-AE03EA1899F6}.Release|x64.ActiveCfg = Release|Any CPU
		{7284E986-54E8-8D4B-56B2-AE03EA1899F6}.Release|x64.Build.0 = Release|Any CPU
		{7284E986-54E8-8D4B-56B2-AE03EA1899F6}.Release|x86.ActiveCfg = Release|Any CPU
		{7284E986-54E8-8D4B-56B2-AE03EA1899F6}.Release|x86.Build.0 = Release|Any CPU
		{FE0DC6EE-85B8-2758-280F-4EDE2F8DB43E}.Debug|ARM64.ActiveCfg = Debug|Any CPU
		{FE0DC6EE-85B8-2758-280F-4EDE2F8DB43E}.Debug|ARM64.Build.0 = Debug|Any CPU
		{FE0DC6EE-85B8-2758-280F-4EDE2F8DB43E}.Debug|x64.ActiveCfg = Debug|Any CPU
		{FE0DC6EE-85B8-2758-280F-4EDE2F8DB43E}.Debug|x64.Build.0 = Debug|Any CPU
		{FE0DC6EE-85B8-2758-280F-4EDE2F8DB43E}.Debug|x86.ActiveCfg = Debug|Any CPU
		{FE0DC6EE-85B8-2758-280F-4EDE2F8DB43E}.Debug|x86.Build.0 = Debug|Any CPU
		{FE0DC6EE-85B8-2758-280F-4EDE2F8DB43E}.Release|ARM64.ActiveCfg = Release|Any CPU
		{FE0DC6EE-85B8-2758-280F-4EDE2F8DB43E}.Release|ARM64.Build.0 = Release|Any CPU
		{FE0DC6EE-85B8-2758-280F-4EDE2F8DB43E}.Release|x64.ActiveCfg = Release|Any CPU
		{FE0DC6EE-85B8-2758-280F-4EDE2F8DB43E}.Release|x64.Build.0 = Release|Any CPU
		{FE0DC6EE-85B8-2758-280F-4EDE2F8DB43E}.Release|x86.ActiveCfg = Release|Any CPU
		{FE0DC6EE-85B8-2758-280F-4EDE2F8DB43E}.Release|x86.Build.0 = Release|Any CPU
		{D0140F9C-4FBC-1E5E-1E41-81EA24D77634}.Debug|ARM64.ActiveCfg = Debug|Any CPU
		{D0140F9C-4FBC-1E5E-1E41-81EA24D77634}.Debug|ARM64.Build.0 = Debug|Any CPU
		{D0140F9C-4FBC-1E5E-1E41-81EA24D77634}.Debug|x64.ActiveCfg = Debug|Any CPU
		{D0140F9C-4FBC-1E5E-1E41-81EA24D77634}.Debug|x64.Build.0 = Debug|Any CPU
		{D0140F9C-4FBC-1E5E-1E41-81EA24D77634}.Debug|x86.ActiveCfg = Debug|Any CPU
		{D0140F9C-4FBC-1E5E-1E41-81EA24D77634}.Debug|x86.Build.0 = Debug|Any CPU
		{D0140F9C-4FBC-1E5E-1E41-81EA24D77634}.Release|ARM64.ActiveCfg = Release|Any CPU
		{D0140F9C-4FBC-1E5E-1E41-81EA24D77634}.Release|ARM64.Build.0 = Release|Any CPU
		{D0140F9C-4FBC-1E5E-1E41-81EA24D77634}.Release|x64.ActiveCfg = Release|Any CPU
		{D0140F9C-4FBC-1E5E-1E41-81EA24D77634}.Release|x64.Build.0 = Release|Any CPU
		{D0140F9C-4FBC-1E5E-1E41-81EA24D77634}.Release|x86.ActiveCfg = Release|Any CPU
		{D0140F9C-4FBC-1E5E-1E41-81EA24D77634}.Release|x86.Build.0 = Release|Any CPU
		{8E760A54-96BB-3E99-1CBA-5831E7AADF90}.Debug|ARM64.ActiveCfg = Debug|Any CPU
		{8E760A54-96BB-3E99-1CBA-5831E7AADF90}.Debug|ARM64.Build.0 = Debug|Any CPU
		{8E760A54-96BB-3E99-1CBA-5831E7AADF90}.Debug|x64.ActiveCfg = Debug|Any CPU
		{8E760A54-96BB-3E99-1CBA-5831E7AADF90}.Debug|x64.Build.0 = Debug|Any CPU
		{8E760A54-96BB-3E99-1CBA-5831E7AADF90}.Debug|x86.ActiveCfg = Debug|Any CPU
		{8E760A54-96BB-3E99-1CBA-5831E7AADF90}.Debug|x86.Build.0 = Debug|Any CPU
		{8E760A54-96BB-3E99-1CBA-5831E7AADF90}.Release|ARM64.ActiveCfg = Release|Any CPU
		{8E760A54-96BB-3E99-1CBA-5831E7AADF90}.Release|ARM64.Build.0 = Release|Any CPU
		{8E760A54-96BB-3E99-1CBA-5831E7AADF90}.Release|x64.ActiveCfg = Release|Any CPU
		{8E760A54-96BB-3E99-1CBA-5831E7AADF90}.Release|x64.Build.0 = Release|Any CPU
		{8E760A54-96BB-3E99-1CBA-5831E7AADF90}.Release|x86.ActiveCfg = Release|Any CPU
		{8E760A54-96BB-3E99-1CBA-5831E7AADF90}.Release|x86.Build.0 = Release|Any CPU
	EndGlobalSection
	GlobalSection(SolutionProperties) = preSolution
		HideSolutionNode = FALSE
	EndGlobalSection
	GlobalSection(ExtensibilityGlobals) = postSolution
		SolutionGuid = {BC9E09DE-52E2-40D3-8C98-84408C73906D}
	EndGlobalSection
EndGlobal
